
Microsoft Visual Studio Solution File, Format Version 12.00
# Visual Studio 15
VisualStudioVersion = 15.0.26403.7
MinimumVisualStudioVersion = 10.0.40219.1
Project("{A07B5EB6-E848-4116-A8D0-A826331D98C6}") = "WunBackend", "WunBackend\WunBackend.sfproj", "{1DA7FC31-8384-4802-B911-5B39D372227D}"
EndProject
Project("{FAE04EC0-301F-11D3-BF4B-00C04F79EFBC}") = "TweetFeedHandlerService", "TweetFeedHandler\TweetFeedHandlerService.csproj", "{8DEAB837-B637-4CE3-AC89-8F4F2183D43B}"
EndProject
Project("{9A19103F-16F7-4668-BE54-9A1E7A4F7556}") = "TweetFeedLibrary", "TweetFeedLibrary\TweetFeedLibrary.csproj", "{CDDE2C2F-9CD0-4E7E-8DD7-365195F2CB44}"
EndProject
Project("{FAE04EC0-301F-11D3-BF4B-00C04F79EFBC}") = "SubscribeAndForwardService", "SubscribeAndForwardService\SubscribeAndForwardService.csproj", "{8ADB9EEC-4AB7-41D1-B6F6-60D4C0E5FE5A}"
EndProject
Project("{FAE04EC0-301F-11D3-BF4B-00C04F79EFBC}") = "DelayedTweetService", "DelayedTweetService\DelayedTweetService.csproj", "{E4333A36-52E9-4002-91E2-F3DE97491952}"
EndProject
Project("{FAE04EC0-301F-11D3-BF4B-00C04F79EFBC}") = "TweetCacheService", "TweetCacheService\TweetCacheService.csproj", "{E2EA745D-337D-45DC-ADD3-6D85B41C9F5B}"
EndProject
Project("{FAE04EC0-301F-11D3-BF4B-00C04F79EFBC}") = "TweetStoreService", "TweetStoreService\TweetStoreService.csproj", "{39BE4F76-961D-445A-9ECD-C8DCC5AB6477}"
EndProject
Project("{FAE04EC0-301F-11D3-BF4B-00C04F79EFBC}") = "TweetModel", "TweetModel\TweetModel.csproj", "{0E9948C7-A4FA-48D1-8A0C-4C2ECA41B919}"
EndProject
Project("{FAE04EC0-301F-11D3-BF4B-00C04F79EFBC}") = "TweetCore", "TweetCore\TweetCore.csproj", "{3E3E917A-5F00-4A89-B358-7D687BDE39E7}"
EndProject
Global
	GlobalSection(SolutionConfigurationPlatforms) = preSolution
		Debug|Any CPU = Debug|Any CPU
		Debug|x64 = Debug|x64
		Release|Any CPU = Release|Any CPU
		Release|x64 = Release|x64
	EndGlobalSection
	GlobalSection(ProjectConfigurationPlatforms) = postSolution
		{1DA7FC31-8384-4802-B911-5B39D372227D}.Debug|Any CPU.ActiveCfg = Debug|x64
		{1DA7FC31-8384-4802-B911-5B39D372227D}.Debug|Any CPU.Build.0 = Debug|x64
		{1DA7FC31-8384-4802-B911-5B39D372227D}.Debug|x64.ActiveCfg = Debug|x64
		{1DA7FC31-8384-4802-B911-5B39D372227D}.Debug|x64.Build.0 = Debug|x64
		{1DA7FC31-8384-4802-B911-5B39D372227D}.Debug|x64.Deploy.0 = Debug|x64
		{1DA7FC31-8384-4802-B911-5B39D372227D}.Release|Any CPU.ActiveCfg = Release|x64
		{1DA7FC31-8384-4802-B911-5B39D372227D}.Release|x64.ActiveCfg = Release|x64
		{1DA7FC31-8384-4802-B911-5B39D372227D}.Release|x64.Build.0 = Release|x64
		{1DA7FC31-8384-4802-B911-5B39D372227D}.Release|x64.Deploy.0 = Release|x64
		{8DEAB837-B637-4CE3-AC89-8F4F2183D43B}.Debug|Any CPU.ActiveCfg = Debug|x64
		{8DEAB837-B637-4CE3-AC89-8F4F2183D43B}.Debug|Any CPU.Build.0 = Debug|x64
		{8DEAB837-B637-4CE3-AC89-8F4F2183D43B}.Debug|x64.ActiveCfg = Debug|x64
		{8DEAB837-B637-4CE3-AC89-8F4F2183D43B}.Debug|x64.Build.0 = Debug|x64
		{8DEAB837-B637-4CE3-AC89-8F4F2183D43B}.Release|Any CPU.ActiveCfg = Release|x64
		{8DEAB837-B637-4CE3-AC89-8F4F2183D43B}.Release|x64.ActiveCfg = Release|x64
		{8DEAB837-B637-4CE3-AC89-8F4F2183D43B}.Release|x64.Build.0 = Release|x64
		{CDDE2C2F-9CD0-4E7E-8DD7-365195F2CB44}.Debug|Any CPU.ActiveCfg = Debug|Any CPU
		{CDDE2C2F-9CD0-4E7E-8DD7-365195F2CB44}.Debug|Any CPU.Build.0 = Debug|Any CPU
		{CDDE2C2F-9CD0-4E7E-8DD7-365195F2CB44}.Debug|x64.ActiveCfg = Debug|Any CPU
		{CDDE2C2F-9CD0-4E7E-8DD7-365195F2CB44}.Debug|x64.Build.0 = Debug|Any CPU
		{CDDE2C2F-9CD0-4E7E-8DD7-365195F2CB44}.Release|Any CPU.ActiveCfg = Release|Any CPU
		{CDDE2C2F-9CD0-4E7E-8DD7-365195F2CB44}.Release|Any CPU.Build.0 = Release|Any CPU
		{CDDE2C2F-9CD0-4E7E-8DD7-365195F2CB44}.Release|x64.ActiveCfg = Release|Any CPU
		{CDDE2C2F-9CD0-4E7E-8DD7-365195F2CB44}.Release|x64.Build.0 = Release|Any CPU
		{8ADB9EEC-4AB7-41D1-B6F6-60D4C0E5FE5A}.Debug|Any CPU.ActiveCfg = Debug|x64
		{8ADB9EEC-4AB7-41D1-B6F6-60D4C0E5FE5A}.Debug|Any CPU.Build.0 = Debug|x64
		{8ADB9EEC-4AB7-41D1-B6F6-60D4C0E5FE5A}.Debug|x64.ActiveCfg = Debug|x64
		{8ADB9EEC-4AB7-41D1-B6F6-60D4C0E5FE5A}.Debug|x64.Build.0 = Debug|x64
		{8ADB9EEC-4AB7-41D1-B6F6-60D4C0E5FE5A}.Release|Any CPU.ActiveCfg = Release|x64
		{8ADB9EEC-4AB7-41D1-B6F6-60D4C0E5FE5A}.Release|x64.ActiveCfg = Release|x64
		{8ADB9EEC-4AB7-41D1-B6F6-60D4C0E5FE5A}.Release|x64.Build.0 = Release|x64
		{E4333A36-52E9-4002-91E2-F3DE97491952}.Debug|Any CPU.ActiveCfg = Debug|x64
		{E4333A36-52E9-4002-91E2-F3DE97491952}.Debug|Any CPU.Build.0 = Debug|x64
		{E4333A36-52E9-4002-91E2-F3DE97491952}.Debug|x64.ActiveCfg = Debug|x64
		{E4333A36-52E9-4002-91E2-F3DE97491952}.Debug|x64.Build.0 = Debug|x64
		{E4333A36-52E9-4002-91E2-F3DE97491952}.Release|Any CPU.ActiveCfg = Release|x64
		{E4333A36-52E9-4002-91E2-F3DE97491952}.Release|x64.ActiveCfg = Release|x64
		{E4333A36-52E9-4002-91E2-F3DE97491952}.Release|x64.Build.0 = Release|x64
		{E2EA745D-337D-45DC-ADD3-6D85B41C9F5B}.Debug|Any CPU.ActiveCfg = Debug|x64
		{E2EA745D-337D-45DC-ADD3-6D85B41C9F5B}.Debug|Any CPU.Build.0 = Debug|x64
		{E2EA745D-337D-45DC-ADD3-6D85B41C9F5B}.Debug|x64.ActiveCfg = Debug|x64
		{E2EA745D-337D-45DC-ADD3-6D85B41C9F5B}.Debug|x64.Build.0 = Debug|x64
		{E2EA745D-337D-45DC-ADD3-6D85B41C9F5B}.Release|Any CPU.ActiveCfg = Release|x64
		{E2EA745D-337D-45DC-ADD3-6D85B41C9F5B}.Release|x64.ActiveCfg = Release|x64
		{E2EA745D-337D-45DC-ADD3-6D85B41C9F5B}.Release|x64.Build.0 = Release|x64
		{39BE4F76-961D-445A-9ECD-C8DCC5AB6477}.Debug|Any CPU.ActiveCfg = Debug|x64
		{39BE4F76-961D-445A-9ECD-C8DCC5AB6477}.Debug|Any CPU.Build.0 = Debug|x64
		{39BE4F76-961D-445A-9ECD-C8DCC5AB6477}.Debug|x64.ActiveCfg = Debug|x64
		{39BE4F76-961D-445A-9ECD-C8DCC5AB6477}.Debug|x64.Build.0 = Debug|x64
		{39BE4F76-961D-445A-9ECD-C8DCC5AB6477}.Release|Any CPU.ActiveCfg = Release|x64
		{39BE4F76-961D-445A-9ECD-C8DCC5AB6477}.Release|x64.ActiveCfg = Release|x64
		{39BE4F76-961D-445A-9ECD-C8DCC5AB6477}.Release|x64.Build.0 = Release|x64
		{0E9948C7-A4FA-48D1-8A0C-4C2ECA41B919}.Debug|Any CPU.ActiveCfg = Debug|Any CPU
		{0E9948C7-A4FA-48D1-8A0C-4C2ECA41B919}.Debug|Any CPU.Build.0 = Debug|Any CPU
		{0E9948C7-A4FA-48D1-8A0C-4C2ECA41B919}.Debug|x64.ActiveCfg = Debug|Any CPU
		{0E9948C7-A4FA-48D1-8A0C-4C2ECA41B919}.Debug|x64.Build.0 = Debug|Any CPU
		{0E9948C7-A4FA-48D1-8A0C-4C2ECA41B919}.Release|Any CPU.ActiveCfg = Release|Any CPU
		{0E9948C7-A4FA-48D1-8A0C-4C2ECA41B919}.Release|Any CPU.Build.0 = Release|Any CPU
		{0E9948C7-A4FA-48D1-8A0C-4C2ECA41B919}.Release|x64.ActiveCfg = Release|Any CPU
		{0E9948C7-A4FA-48D1-8A0C-4C2ECA41B919}.Release|x64.Build.0 = Release|Any CPU
		{3E3E917A-5F00-4A89-B358-7D687BDE39E7}.Debug|Any CPU.ActiveCfg = Debug|Any CPU
		{3E3E917A-5F00-4A89-B358-7D687BDE39E7}.Debug|Any CPU.Build.0 = Debug|Any CPU
		{3E3E917A-5F00-4A89-B358-7D687BDE39E7}.Debug|x64.ActiveCfg = Debug|Any CPU
		{3E3E917A-5F00-4A89-B358-7D687BDE39E7}.Debug|x64.Build.0 = Debug|Any CPU
		{3E3E917A-5F00-4A89-B358-7D687BDE39E7}.Release|Any CPU.ActiveCfg = Release|Any CPU
		{3E3E917A-5F00-4A89-B358-7D687BDE39E7}.Release|Any CPU.Build.0 = Release|Any CPU
		{3E3E917A-5F00-4A89-B358-7D687BDE39E7}.Release|x64.ActiveCfg = Release|Any CPU
		{3E3E917A-5F00-4A89-B358-7D687BDE39E7}.Release|x64.Build.0 = Release|Any CPU
	EndGlobalSection
	GlobalSection(SolutionProperties) = preSolution
		HideSolutionNode = FALSE
	EndGlobalSection
EndGlobal
